#include<iostream>
class Demo
{
public:
	int a, b;
	int *p;
	Demo(int a, int b, int c)
	{
		this->a = a;
		this->b =b;
		this->p = (int*)malloc(sizeof(int));
		*(this->p) = c;
		
	}
};
int main()
{
	Demo d(10,20,30);
	Demo d2(d);//if there is no explict copy const then by defau
	(d.a)++;
	(*(d2.p))++;
	std::cout << d.a << "\t" << d.b << "\t" << *(d.p) << std::endl;
		(d2.b)++;

		std::cout << d2.a << "\t" << d2.b << "\t" << *(d2.p);
	return 0;
}
