#include<iostream>
class demo
{
	public:
	int a;
	 int b;
	
	 demo() :a(10), b(20)
	 {
		
	 }
	 void fun()const
	 {
		 
		 std::cout << "a=" << a << "\t" << "b" << b;

	}
	 void gun()
	 {

	 }
};
int main()
{
	const demo d;
	d.fun();
	demo d1;
	d1.fun();
	d1.gun();

	return 0;
}
