
Microsoft Visual Studio Solution File, Format Version 12.00
# Visual Studio Version 16
VisualStudioVersion = 16.0.33927.289
MinimumVisualStudioVersion = 10.0.40219.1
Project("{8BC9CEB8-8B4A-11D0-8D11-00A0C91BC942}") = "inheritance according to acess specifier", "inheritance according to acess specifier\inheritance according to acess specifier.vcxproj", "{D8D2090B-6728-4F33-94C9-644E5CCABBC9}"
EndProject
Global
	GlobalSection(SolutionConfigurationPlatforms) = preSolution
		Debug|x64 = Debug|x64
		Debug|x86 = Debug|x86
		Release|x64 = Release|x64
		Release|x86 = Release|x86
	EndGlobalSection
	GlobalSection(ProjectConfigurationPlatforms) = postSolution
		{D8D2090B-6728-4F33-94C9-644E5CCABBC9}.Debug|x64.ActiveCfg = Debug|x64
		{D8D2090B-6728-4F33-94C9-644E5CCABBC9}.Debug|x64.Build.0 = Debug|x64
		{D8D2090B-6728-4F33-94C9-644E5CCABBC9}.Debug|x86.ActiveCfg = Debug|Win32
		{D8D2090B-6728-4F33-94C9-644E5CCABBC9}.Debug|x86.Build.0 = Debug|Win32
		{D8D2090B-6728-4F33-94C9-644E5CCABBC9}.Release|x64.ActiveCfg = Release|x64
		{D8D2090B-6728-4F33-94C9-644E5CCABBC9}.Release|x64.Build.0 = Release|x64
		{D8D2090B-6728-4F33-94C9-644E5CCABBC9}.Release|x86.ActiveCfg = Release|Win32
		{D8D2090B-6728-4F33-94C9-644E5CCABBC9}.Release|x86.Build.0 = Release|Win32
	EndGlobalSection
	GlobalSection(SolutionProperties) = preSolution
		HideSolutionNode = FALSE
	EndGlobalSection
	GlobalSection(ExtensibilityGlobals) = postSolution
		SolutionGuid = {6F9B8A86-00B4-4B17-9C15-A991F28C29A7}
	EndGlobalSection
EndGlobal
